
Microsoft Visual Studio Solution File, Format Version 12.00
# Visual Studio Version 17
VisualStudioVersion = 17.11.35303.130
MinimumVisualStudioVersion = 10.0.40219.1
Project("{FAE04EC0-301F-11D3-BF4B-00C04F79EFBC}") = "01_MainSubjects", "01_MainSubjects\01_MainSubjects.csproj", "{E0CAA6FD-AFFB-4F61-A649-904D6B30C7B2}"
EndProject
Project("{FAE04EC0-301F-11D3-BF4B-00C04F79EFBC}") = "02_Variables", "02_Variables\02_Variables.csproj", "{07C0AA19-EDFA-469B-A3EB-ADFABA85EC04}"
EndProject
Project("{FAE04EC0-301F-11D3-BF4B-00C04F79EFBC}") = "03_Making Decision", "03_Making Decision\03_Making Decision.csproj", "{0EC473F1-2435-4D22-8F51-24E7D7765C34}"
EndProject
Project("{FAE04EC0-301F-11D3-BF4B-00C04F79EFBC}") = "04_Loops", "04_Loops\04_Loops.csproj", "{938C35BC-9851-41E5-90F0-7CEA14FCEF70}"
EndProject
Project("{FAE04EC0-301F-11D3-BF4B-00C04F79EFBC}") = "05_LoopWithStars", "05_LoopWithStars\05_LoopWithStars.csproj", "{FC82DC51-1A2B-4E5F-AC5A-3F324F990B5D}"
EndProject
Project("{FAE04EC0-301F-11D3-BF4B-00C04F79EFBC}") = "06_Arrays", "06_Arrays\06_Arrays.csproj", "{AB42127E-F94C-43C1-A88B-C3BEFF389C0D}"
EndProject
Project("{FAE04EC0-301F-11D3-BF4B-00C04F79EFBC}") = "07_ForeachLoops", "07_ForeachLoops\07_ForeachLoops.csproj", "{C8284D4C-958B-43F3-8EA0-38FAC4AB8218}"
EndProject
Global
	GlobalSection(SolutionConfigurationPlatforms) = preSolution
		Debug|Any CPU = Debug|Any CPU
		Release|Any CPU = Release|Any CPU
	EndGlobalSection
	GlobalSection(ProjectConfigurationPlatforms) = postSolution
		{E0CAA6FD-AFFB-4F61-A649-904D6B30C7B2}.Debug|Any CPU.ActiveCfg = Debug|Any CPU
		{E0CAA6FD-AFFB-4F61-A649-904D6B30C7B2}.Debug|Any CPU.Build.0 = Debug|Any CPU
		{E0CAA6FD-AFFB-4F61-A649-904D6B30C7B2}.Release|Any CPU.ActiveCfg = Release|Any CPU
		{E0CAA6FD-AFFB-4F61-A649-904D6B30C7B2}.Release|Any CPU.Build.0 = Release|Any CPU
		{07C0AA19-EDFA-469B-A3EB-ADFABA85EC04}.Debug|Any CPU.ActiveCfg = Debug|Any CPU
		{07C0AA19-EDFA-469B-A3EB-ADFABA85EC04}.Debug|Any CPU.Build.0 = Debug|Any CPU
		{07C0AA19-EDFA-469B-A3EB-ADFABA85EC04}.Release|Any CPU.ActiveCfg = Release|Any CPU
		{07C0AA19-EDFA-469B-A3EB-ADFABA85EC04}.Release|Any CPU.Build.0 = Release|Any CPU
		{0EC473F1-2435-4D22-8F51-24E7D7765C34}.Debug|Any CPU.ActiveCfg = Debug|Any CPU
		{0EC473F1-2435-4D22-8F51-24E7D7765C34}.Debug|Any CPU.Build.0 = Debug|Any CPU
		{0EC473F1-2435-4D22-8F51-24E7D7765C34}.Release|Any CPU.ActiveCfg = Release|Any CPU
		{0EC473F1-2435-4D22-8F51-24E7D7765C34}.Release|Any CPU.Build.0 = Release|Any CPU
		{938C35BC-9851-41E5-90F0-7CEA14FCEF70}.Debug|Any CPU.ActiveCfg = Debug|Any CPU
		{938C35BC-9851-41E5-90F0-7CEA14FCEF70}.Debug|Any CPU.Build.0 = Debug|Any CPU
		{938C35BC-9851-41E5-90F0-7CEA14FCEF70}.Release|Any CPU.ActiveCfg = Release|Any CPU
		{938C35BC-9851-41E5-90F0-7CEA14FCEF70}.Release|Any CPU.Build.0 = Release|Any CPU
		{FC82DC51-1A2B-4E5F-AC5A-3F324F990B5D}.Debug|Any CPU.ActiveCfg = Debug|Any CPU
		{FC82DC51-1A2B-4E5F-AC5A-3F324F990B5D}.Debug|Any CPU.Build.0 = Debug|Any CPU
		{FC82DC51-1A2B-4E5F-AC5A-3F324F990B5D}.Release|Any CPU.ActiveCfg = Release|Any CPU
		{FC82DC51-1A2B-4E5F-AC5A-3F324F990B5D}.Release|Any CPU.Build.0 = Release|Any CPU
		{AB42127E-F94C-43C1-A88B-C3BEFF389C0D}.Debug|Any CPU.ActiveCfg = Debug|Any CPU
		{AB42127E-F94C-43C1-A88B-C3BEFF389C0D}.Debug|Any CPU.Build.0 = Debug|Any CPU
		{AB42127E-F94C-43C1-A88B-C3BEFF389C0D}.Release|Any CPU.ActiveCfg = Release|Any CPU
		{AB42127E-F94C-43C1-A88B-C3BEFF389C0D}.Release|Any CPU.Build.0 = Release|Any CPU
		{C8284D4C-958B-43F3-8EA0-38FAC4AB8218}.Debug|Any CPU.ActiveCfg = Debug|Any CPU
		{C8284D4C-958B-43F3-8EA0-38FAC4AB8218}.Debug|Any CPU.Build.0 = Debug|Any CPU
		{C8284D4C-958B-43F3-8EA0-38FAC4AB8218}.Release|Any CPU.ActiveCfg = Release|Any CPU
		{C8284D4C-958B-43F3-8EA0-38FAC4AB8218}.Release|Any CPU.Build.0 = Release|Any CPU
	EndGlobalSection
	GlobalSection(SolutionProperties) = preSolution
		HideSolutionNode = FALSE
	EndGlobalSection
	GlobalSection(ExtensibilityGlobals) = postSolution
		SolutionGuid = {2211EBC6-11ED-4E70-A959-C16AE115D7C2}
	EndGlobalSection
EndGlobal
